
Microsoft Visual Studio Solution File, Format Version 12.00
# Visual Studio Version 17
VisualStudioVersion = 17.1.32414.318
MinimumVisualStudioVersion = 10.0.40219.1
Project("{FAE04EC0-301F-11D3-BF4B-00C04F79EFBC}") = "ChessConsoleApp3", "ChessConsoleApp3.csproj", "{ACF5001B-23EE-4585-9FB0-429DE3AA370D}"
EndProject
Project("{FAE04EC0-301F-11D3-BF4B-00C04F79EFBC}") = "ChessConsoleAppBoard", "chessConsoleAppBoard\ChessConsoleAppBoard\ChessConsoleAppBoard.csproj", "{1ECF51E5-DD9C-49E2-9C51-47694B5ECE6E}"
EndProject
Global
	GlobalSection(SolutionConfigurationPlatforms) = preSolution
		Debug|Any CPU = Debug|Any CPU
		Release|Any CPU = Release|Any CPU
	EndGlobalSection
	GlobalSection(ProjectConfigurationPlatforms) = postSolution
		{ACF5001B-23EE-4585-9FB0-429DE3AA370D}.Debug|Any CPU.ActiveCfg = Debug|Any CPU
		{ACF5001B-23EE-4585-9FB0-429DE3AA370D}.Debug|Any CPU.Build.0 = Debug|Any CPU
		{ACF5001B-23EE-4585-9FB0-429DE3AA370D}.Release|Any CPU.ActiveCfg = Release|Any CPU
		{ACF5001B-23EE-4585-9FB0-429DE3AA370D}.Release|Any CPU.Build.0 = Release|Any CPU
		{1ECF51E5-DD9C-49E2-9C51-47694B5ECE6E}.Debug|Any CPU.ActiveCfg = Debug|Any CPU
		{1ECF51E5-DD9C-49E2-9C51-47694B5ECE6E}.Debug|Any CPU.Build.0 = Debug|Any CPU
		{1ECF51E5-DD9C-49E2-9C51-47694B5ECE6E}.Release|Any CPU.ActiveCfg = Release|Any CPU
		{1ECF51E5-DD9C-49E2-9C51-47694B5ECE6E}.Release|Any CPU.Build.0 = Release|Any CPU
	EndGlobalSection
	GlobalSection(SolutionProperties) = preSolution
		HideSolutionNode = FALSE
	EndGlobalSection
	GlobalSection(ExtensibilityGlobals) = postSolution
		SolutionGuid = {F28853FD-8F6B-4DD4-95A9-43D4547ECE2C}
	EndGlobalSection
EndGlobal
