
Microsoft Visual Studio Solution File, Format Version 12.00
# Visual Studio Version 17
VisualStudioVersion = 17.1.32414.318
MinimumVisualStudioVersion = 10.0.40219.1
Project("{FAE04EC0-301F-11D3-BF4B-00C04F79EFBC}") = "Temperature Conversion GUI", "Temperature Conversion GUI.csproj", "{D9AFC023-E3C2-4593-AF30-F3E531EF5544}"
EndProject
Global
	GlobalSection(SolutionConfigurationPlatforms) = preSolution
		Debug|Any CPU = Debug|Any CPU
		Release|Any CPU = Release|Any CPU
	EndGlobalSection
	GlobalSection(ProjectConfigurationPlatforms) = postSolution
		{D9AFC023-E3C2-4593-AF30-F3E531EF5544}.Debug|Any CPU.ActiveCfg = Debug|Any CPU
		{D9AFC023-E3C2-4593-AF30-F3E531EF5544}.Debug|Any CPU.Build.0 = Debug|Any CPU
		{D9AFC023-E3C2-4593-AF30-F3E531EF5544}.Release|Any CPU.ActiveCfg = Release|Any CPU
		{D9AFC023-E3C2-4593-AF30-F3E531EF5544}.Release|Any CPU.Build.0 = Release|Any CPU
	EndGlobalSection
	GlobalSection(SolutionProperties) = preSolution
		HideSolutionNode = FALSE
	EndGlobalSection
	GlobalSection(ExtensibilityGlobals) = postSolution
		SolutionGuid = {80A29B4E-8DA3-433B-9614-EF86E137088A}
	EndGlobalSection
EndGlobal
